
Microsoft Visual Studio Solution File, Format Version 12.00
# Visual Studio 15
VisualStudioVersion = 15.0.34031.82
MinimumVisualStudioVersion = 10.0.40219.1
Project("{8BC9CEB8-8B4A-11D0-8D11-00A0C91BC942}") = "Project1", "Project1\Project1.vcxproj", "{DC75F0D3-C374-4853-9008-627D6BC7C9C6}"
EndProject
Global
	GlobalSection(SolutionConfigurationPlatforms) = preSolution
		Debug|x64 = Debug|x64
		Debug|x86 = Debug|x86
		Release|x64 = Release|x64
		Release|x86 = Release|x86
	EndGlobalSection
	GlobalSection(ProjectConfigurationPlatforms) = postSolution
		{DC75F0D3-C374-4853-9008-627D6BC7C9C6}.Debug|x64.ActiveCfg = Debug|x64
		{DC75F0D3-C374-4853-9008-627D6BC7C9C6}.Debug|x64.Build.0 = Debug|x64
		{DC75F0D3-C374-4853-9008-627D6BC7C9C6}.Debug|x86.ActiveCfg = Debug|Win32
		{DC75F0D3-C374-4853-9008-627D6BC7C9C6}.Debug|x86.Build.0 = Debug|Win32
		{DC75F0D3-C374-4853-9008-627D6BC7C9C6}.Release|x64.ActiveCfg = Release|x64
		{DC75F0D3-C374-4853-9008-627D6BC7C9C6}.Release|x64.Build.0 = Release|x64
		{DC75F0D3-C374-4853-9008-627D6BC7C9C6}.Release|x86.ActiveCfg = Release|Win32
		{DC75F0D3-C374-4853-9008-627D6BC7C9C6}.Release|x86.Build.0 = Release|Win32
	EndGlobalSection
	GlobalSection(SolutionProperties) = preSolution
		HideSolutionNode = FALSE
	EndGlobalSection
	GlobalSection(ExtensibilityGlobals) = postSolution
		SolutionGuid = {45E6842D-D02F-4DA2-80A4-6FEC5F479E49}
	EndGlobalSection
EndGlobal
